// !$*UTF8*$!
{
	archiveVersion = 1;
	classes = {
	};
	objectVersion = 46;
	objects = {

/* Begin PBXBuildFile section */
		ADFEC5A2146D54EB002D3469 /* UIKit.framework in Frameworks */ = {isa = PBXBuildFile; fileRef = ADFEC5A1146D54EB002D3469 /* UIKit.framework */; };
		ADFEC5A4146D54EB002D3469 /* Foundation.framework in Frameworks */ = {isa = PBXBuildFile; fileRef = ADFEC5A3146D54EB002D3469 /* Foundation.framework */; };
		ADFEC5A6146D54EB002D3469 /* CoreGraphics.framework in Frameworks */ = {isa = PBXBuildFile; fileRef = ADFEC5A5146D54EB002D3469 /* CoreGraphics.framework */; };
		ADFEC5AC146D54EB002D3469 /* InfoPlist.strings in Resources */ = {isa = PBXBuildFile; fileRef = ADFEC5AA146D54EB002D3469 /* InfoPlist.strings */; };
		ADFEC5AE146D54EB002D3469 /* main.m in Sources */ = {isa = PBXBuildFile; fileRef = ADFEC5AD146D54EB002D3469 /* main.m */; };
		ADFEC5B2146D54EB002D3469 /* AppDelegate.m in Sources */ = {isa = PBXBuildFile; fileRef = ADFEC5B1146D54EB002D3469 /* AppDelegate.m */; };
/* End PBXBuildFile section */

/* Begin PBXFileReference section */
		ADFEC59D146D54EB002D3469 /* OpenPreferences.app */ = {isa = PBXFileReference; explicitFileType = wrapper.application; includeInIndex = 0; path = OpenPreferences.app; sourceTree = BUILT_PRODUCTS_DIR; };
		ADFEC5A1146D54EB002D3469 /* UIKit.framework */ = {isa = PBXFileReference; lastKnownFileType = wrapper.framework; name = UIKit.framework; path = System/Library/Frameworks/UIKit.framework; sourceTree = SDKROOT; };
		ADFEC5A3146D54EB002D3469 /* Foundation.framework */ = {isa = PBXFileReference; lastKnownFileType = wrapper.framework; name = Foundation.framework; path = System/Library/Frameworks/Foundation.framework; sourceTree = SDKROOT; };
		ADFEC5A5146D54EB002D3469 /* CoreGraphics.framework */ = {isa = PBXFileReference; lastKnownFileType = wrapper.framework; name = CoreGraphics.framework; path = System/Library/Frameworks/CoreGraphics.framework; sourceTree = SDKROOT; };
		ADFEC5A9146D54EB002D3469 /* OpenPreferences-Info.plist */ = {isa = PBXFileReference; lastKnownFileType = text.plist.xml; path = "OpenPreferences-Info.plist"; sourceTree = "<group>"; };
		ADFEC5AB146D54EB002D3469 /* en */ = {isa = PBXFileReference; lastKnownFileType = text.plist.strings; name = en; path = en.lproj/InfoPlist.strings; sourceTree = "<group>"; };
		ADFEC5AD146D54EB002D3469 /* main.m */ = {isa = PBXFileReference; lastKnownFileType = sourcecode.c.objc; path = main.m; sourceTree = "<group>"; };
		ADFEC5AF146D54EB002D3469 /* OpenPreferences-Prefix.pch */ = {isa = PBXFileReference; lastKnownFileType = sourcecode.c.h; path = "OpenPreferences-Prefix.pch"; sourceTree = "<group>"; };
		ADFEC5B0146D54EB002D3469 /* AppDelegate.h */ = {isa = PBXFileReference; lastKnownFileType = sourcecode.c.h; path = AppDelegate.h; sourceTree = "<group>"; };
		ADFEC5B1146D54EB002D3469 /* AppDelegate.m */ = {isa = PBXFileReference; lastKnownFileType = sourcecode.c.objc; path = AppDelegate.m; sourceTree = "<group>"; };
/* End PBXFileReference section */

/* Begin PBXFrameworksBuildPhase section */
		ADFEC59A146D54EB002D3469 /* Frameworks */ = {
			isa = PBXFrameworksBuildPhase;
			buildActionMask = 2147483647;
			files = (
				ADFEC5A2146D54EB002D3469 /* UIKit.framework in Frameworks */,
				ADFEC5A4146D54EB002D3469 /* Foundation.framework in Frameworks */,
				ADFEC5A6146D54EB002D3469 /* CoreGraphics.framework in Frameworks */,
			);
			runOnlyForDeploymentPostprocessing = 0;
		};
/* End PBXFrameworksBuildPhase section */

/* Begin PBXGroup section */
		ADFEC592146D54EB002D3469 = {
			isa = PBXGroup;
			children = (
				ADFEC5A7146D54EB002D3469 /* OpenPreferences */,
				ADFEC5A0146D54EB002D3469 /* Frameworks */,
				ADFEC59E146D54EB002D3469 /* Products */,
			);
			sourceTree = "<group>";
		};
		ADFEC59E146D54EB002D3469 /* Products */ = {
			isa = PBXGroup;
			children = (
				ADFEC59D146D54EB002D3469 /* OpenPreferences.app */,
			);
			name = Products;
			sourceTree = "<group>";
		};
		ADFEC5A0146D54EB002D3469 /* Frameworks */ = {
			isa = PBXGroup;
			children = (
				ADFEC5A1146D54EB002D3469 /* UIKit.framework */,
				ADFEC5A3146D54EB002D3469 /* Foundation.framework */,
				ADFEC5A5146D54EB002D3469 /* CoreGraphics.framework */,
			);
			name = Frameworks;
			sourceTree = "<group>";
		};
		ADFEC5A7146D54EB002D3469 /* OpenPreferences */ = {
			isa = PBXGroup;
			children = (
				ADFEC5B0146D54EB002D3469 /* AppDelegate.h */,
				ADFEC5B1146D54EB002D3469 /* AppDelegate.m */,
				ADFEC5A8146D54EB002D3469 /* Supporting Files */,
			);
			path = OpenPreferences;
			sourceTree = "<group>";
		};
		ADFEC5A8146D54EB002D3469 /* Supporting Files */ = {
			isa = PBXGroup;
			children = (
				ADFEC5A9146D54EB002D3469 /* OpenPreferences-Info.plist */,
				ADFEC5AA146D54EB002D3469 /* InfoPlist.strings */,
				ADFEC5AD146D54EB002D3469 /* main.m */,
				ADFEC5AF146D54EB002D3469 /* OpenPreferences-Prefix.pch */,
			);
			name = "Supporting Files";
			sourceTree = "<group>";
		};
/* End PBXGroup section */

/* Begin PBXNativeTarget section */
		ADFEC59C146D54EB002D3469 /* OpenPreferences */ = {
			isa = PBXNativeTarget;
			buildConfigurationList = ADFEC5B5146D54EB002D3469 /* Build configuration list for PBXNativeTarget "OpenPreferences" */;
			buildPhases = (
				ADFEC599146D54EB002D3469 /* Sources */,
				ADFEC59A146D54EB002D3469 /* Frameworks */,
				ADFEC59B146D54EB002D3469 /* Resources */,
			);
			buildRules = (
			);
			dependencies = (
			);
			name = OpenPreferences;
			productName = OpenPreferences;
			productReference = ADFEC59D146D54EB002D3469 /* OpenPreferences.app */;
			productType = "com.apple.product-type.application";
		};
/* End PBXNativeTarget section */

/* Begin PBXProject section */
		ADFEC594146D54EB002D3469 /* Project object */ = {
			isa = PBXProject;
			attributes = {
				LastUpgradeCheck = 0420;
			};
			buildConfigurationList = ADFEC597146D54EB002D3469 /* Build configuration list for PBXProject "OpenPreferences" */;
			compatibilityVersion = "Xcode 3.2";
			developmentRegion = English;
			hasScannedForEncodings = 0;
			knownRegions = (
				en,
			);
			mainGroup = ADFEC592146D54EB002D3469;
			productRefGroup = ADFEC59E146D54EB002D3469 /* Products */;
			projectDirPath = "";
			projectRoot = "";
			targets = (
				ADFEC59C146D54EB002D3469 /* OpenPreferences */,
			);
		};
/* End PBXProject section */

/* Begin PBXResourcesBuildPhase section */
		ADFEC59B146D54EB002D3469 /* Resources */ = {
			isa = PBXResourcesBuildPhase;
			buildActionMask = 2147483647;
			files = (
				ADFEC5AC146D54EB002D3469 /* InfoPlist.strings in Resources */,
			);
			runOnlyForDeploymentPostprocessing = 0;
		};
/* End PBXResourcesBuildPhase section */

/* Begin PBXSourcesBuildPhase section */
		ADFEC599146D54EB002D3469 /* Sources */ = {
			isa = PBXSourcesBuildPhase;
			buildActionMask = 2147483647;
			files = (
				ADFEC5AE146D54EB002D3469 /* main.m in Sources */,
				ADFEC5B2146D54EB002D3469 /* AppDelegate.m in Sources */,
			);
			runOnlyForDeploymentPostprocessing = 0;
		};
/* End PBXSourcesBuildPhase section */

/* Begin PBXVariantGroup section */
		ADFEC5AA146D54EB002D3469 /* InfoPlist.strings */ = {
			isa = PBXVariantGroup;
			children = (
				ADFEC5AB146D54EB002D3469 /* en */,
			);
			name = InfoPlist.strings;
			sourceTree = "<group>";
		};
/* End PBXVariantGroup section */

/* Begin XCBuildConfiguration section */
		ADFEC5B3146D54EB002D3469 /* Debug */ = {
			isa = XCBuildConfiguration;
			buildSettings = {
				ALWAYS_SEARCH_USER_PATHS = NO;
				ARCHS = "$(ARCHS_STANDARD_32_BIT)";
				CLANG_ENABLE_OBJC_ARC = YES;
				"CODE_SIGN_IDENTITY[sdk=iphoneos*]" = "iPhone Developer";
				COPY_PHASE_STRIP = NO;
				GCC_C_LANGUAGE_STANDARD = gnu99;
				GCC_DYNAMIC_NO_PIC = NO;
				GCC_OPTIMIZATION_LEVEL = 0;
				GCC_PREPROCESSOR_DEFINITIONS = (
					"DEBUG=1",
					"$(inherited)",
				);
				GCC_SYMBOLS_PRIVATE_EXTERN = NO;
				GCC_VERSION = com.apple.compilers.llvm.clang.1_0;
				GCC_WARN_ABOUT_MISSING_PROTOTYPES = YES;
				GCC_WARN_ABOUT_RETURN_TYPE = YES;
				GCC_WARN_UNUSED_VARIABLE = YES;
				IPHONEOS_DEPLOYMENT_TARGET = 5.0;
				SDKROOT = iphoneos;
				TARGETED_DEVICE_FAMILY = "1,2";
			};
			name = Debug;
		};
		ADFEC5B4146D54EB002D3469 /* Release */ = {
			isa = XCBuildConfiguration;
			buildSettings = {
				ALWAYS_SEARCH_USER_PATHS = NO;
				ARCHS = "$(ARCHS_STANDARD_32_BIT)";
				CLANG_ENABLE_OBJC_ARC = YES;
				"CODE_SIGN_IDENTITY[sdk=iphoneos*]" = "iPhone Developer";
				COPY_PHASE_STRIP = YES;
				GCC_C_LANGUAGE_STANDARD = gnu99;
				GCC_VERSION = com.apple.compilers.llvm.clang.1_0;
				GCC_WARN_ABOUT_MISSING_PROTOTYPES = YES;
				GCC_WARN_ABOUT_RETURN_TYPE = YES;
				GCC_WARN_UNUSED_VARIABLE = YES;
				IPHONEOS_DEPLOYMENT_TARGET = 5.0;
				OTHER_CFLAGS = "-DNS_BLOCK_ASSERTIONS=1";
				SDKROOT = iphoneos;
				TARGETED_DEVICE_FAMILY = "1,2";
				VALIDATE_PRODUCT = YES;
			};
			name = Release;
		};
		ADFEC5B6146D54EB002D3469 /* Debug */ = {
			isa = XCBuildConfiguration;
			buildSettings = {
				GCC_PRECOMPILE_PREFIX_HEADER = YES;
				GCC_PREFIX_HEADER = "OpenPreferences/OpenPreferences-Prefix.pch";
				INFOPLIST_FILE = "OpenPreferences/OpenPreferences-Info.plist";
				PRODUCT_NAME = "$(TARGET_NAME)";
				WRAPPER_EXTENSION = app;
			};
			name = Debug;
		};
		ADFEC5B7146D54EB002D3469 /* Release */ = {
			isa = XCBuildConfiguration;
			buildSettings = {
				GCC_PRECOMPILE_PREFIX_HEADER = YES;
				GCC_PREFIX_HEADER = "OpenPreferences/OpenPreferences-Prefix.pch";
				INFOPLIST_FILE = "OpenPreferences/OpenPreferences-Info.plist";
				PRODUCT_NAME = "$(TARGET_NAME)";
				WRAPPER_EXTENSION = app;
			};
			name = Release;
		};
/* End XCBuildConfiguration section */

/* Begin XCConfigurationList section */
		ADFEC597146D54EB002D3469 /* Build configuration list for PBXProject "OpenPreferences" */ = {
			isa = XCConfigurationList;
			buildConfigurations = (
				ADFEC5B3146D54EB002D3469 /* Debug */,
				ADFEC5B4146D54EB002D3469 /* Release */,
			);
			defaultConfigurationIsVisible = 0;
			defaultConfigurationName = Release;
		};
		ADFEC5B5146D54EB002D3469 /* Build configuration list for PBXNativeTarget "OpenPreferences" */ = {
			isa = XCConfigurationList;
			buildConfigurations = (
				ADFEC5B6146D54EB002D3469 /* Debug */,
				ADFEC5B7146D54EB002D3469 /* Release */,
			);
			defaultConfigurationIsVisible = 0;
		};
/* End XCConfigurationList section */
	};
	rootObject = ADFEC594146D54EB002D3469 /* Project object */;
}
